
Microsoft Visual Studio Solution File, Format Version 12.00
# Visual Studio Version 17
VisualStudioVersion = 17.4.33213.308
MinimumVisualStudioVersion = 10.0.40219.1
Project("{9A19103F-16F7-4668-BE54-9A1E7A4F7556}") = "ThisBaseConsoleApp", "TestConsoleApp\ThisBaseConsoleApp.csproj", "{124DEF83-1F9B-4717-86D5-723A8F3C04D8}"
EndProject
Project("{9A19103F-16F7-4668-BE54-9A1E7A4F7556}") = "PartialStructure", "PartialStructure\PartialStructure.csproj", "{853AB903-D61B-4D36-90B4-D5FDD65F1DAB}"
EndProject
Project("{9A19103F-16F7-4668-BE54-9A1E7A4F7556}") = "DependencyInjection", "DependencyInjection\DependencyInjection.csproj", "{D5685866-E53F-4BCF-9A84-2754E5187E3C}"
EndProject
Project("{FAE04EC0-301F-11D3-BF4B-00C04F79EFBC}") = "RateLimit", "RateLimit\RateLimit.csproj", "{837CE7B0-3D73-47EF-8C96-D7AA2D98C421}"
EndProject
Project("{FAE04EC0-301F-11D3-BF4B-00C04F79EFBC}") = "OutputCaching", "OutputCaching\OutputCaching.csproj", "{764B3B56-CBC4-4664-B902-B13B1D88C3F0}"
EndProject
Global
	GlobalSection(SolutionConfigurationPlatforms) = preSolution
		Debug|Any CPU = Debug|Any CPU
		Release|Any CPU = Release|Any CPU
	EndGlobalSection
	GlobalSection(ProjectConfigurationPlatforms) = postSolution
		{124DEF83-1F9B-4717-86D5-723A8F3C04D8}.Debug|Any CPU.ActiveCfg = Debug|Any CPU
		{124DEF83-1F9B-4717-86D5-723A8F3C04D8}.Debug|Any CPU.Build.0 = Debug|Any CPU
		{124DEF83-1F9B-4717-86D5-723A8F3C04D8}.Release|Any CPU.ActiveCfg = Release|Any CPU
		{124DEF83-1F9B-4717-86D5-723A8F3C04D8}.Release|Any CPU.Build.0 = Release|Any CPU
		{853AB903-D61B-4D36-90B4-D5FDD65F1DAB}.Debug|Any CPU.ActiveCfg = Debug|Any CPU
		{853AB903-D61B-4D36-90B4-D5FDD65F1DAB}.Debug|Any CPU.Build.0 = Debug|Any CPU
		{853AB903-D61B-4D36-90B4-D5FDD65F1DAB}.Release|Any CPU.ActiveCfg = Release|Any CPU
		{853AB903-D61B-4D36-90B4-D5FDD65F1DAB}.Release|Any CPU.Build.0 = Release|Any CPU
		{D5685866-E53F-4BCF-9A84-2754E5187E3C}.Debug|Any CPU.ActiveCfg = Debug|Any CPU
		{D5685866-E53F-4BCF-9A84-2754E5187E3C}.Debug|Any CPU.Build.0 = Debug|Any CPU
		{D5685866-E53F-4BCF-9A84-2754E5187E3C}.Release|Any CPU.ActiveCfg = Release|Any CPU
		{D5685866-E53F-4BCF-9A84-2754E5187E3C}.Release|Any CPU.Build.0 = Release|Any CPU
		{837CE7B0-3D73-47EF-8C96-D7AA2D98C421}.Debug|Any CPU.ActiveCfg = Debug|Any CPU
		{837CE7B0-3D73-47EF-8C96-D7AA2D98C421}.Debug|Any CPU.Build.0 = Debug|Any CPU
		{837CE7B0-3D73-47EF-8C96-D7AA2D98C421}.Release|Any CPU.ActiveCfg = Release|Any CPU
		{837CE7B0-3D73-47EF-8C96-D7AA2D98C421}.Release|Any CPU.Build.0 = Release|Any CPU
		{764B3B56-CBC4-4664-B902-B13B1D88C3F0}.Debug|Any CPU.ActiveCfg = Debug|Any CPU
		{764B3B56-CBC4-4664-B902-B13B1D88C3F0}.Debug|Any CPU.Build.0 = Debug|Any CPU
		{764B3B56-CBC4-4664-B902-B13B1D88C3F0}.Release|Any CPU.ActiveCfg = Release|Any CPU
		{764B3B56-CBC4-4664-B902-B13B1D88C3F0}.Release|Any CPU.Build.0 = Release|Any CPU
	EndGlobalSection
	GlobalSection(SolutionProperties) = preSolution
		HideSolutionNode = FALSE
	EndGlobalSection
	GlobalSection(ExtensibilityGlobals) = postSolution
		SolutionGuid = {D74264FE-1242-4ED3-A2FE-C4D1B389FD61}
	EndGlobalSection
EndGlobal
